// !$*UTF8*$!
{
	archiveVersion = 1;
	classes = {
	};
	objectVersion = 56;
	objects = {

/* Begin PBXBuildFile section */
		5D0CD7F32B6919BE008AED7A /* AppDelegate.swift in Sources */ = {isa = PBXBuildFile; fileRef = 5D0CD7F22B6919BE008AED7A /* AppDelegate.swift */; };
		5D0CD7F52B6919BE008AED7A /* SceneDelegate.swift in Sources */ = {isa = PBXBuildFile; fileRef = 5D0CD7F42B6919BE008AED7A /* SceneDelegate.swift */; };
		5D0CD7F72B6919BE008AED7A /* HomeViewController.swift in Sources */ = {isa = PBXBuildFile; fileRef = 5D0CD7F62B6919BE008AED7A /* HomeViewController.swift */; };
		5D0CD7FC2B6919C0008AED7A /* Assets.xcassets in Resources */ = {isa = PBXBuildFile; fileRef = 5D0CD7FB2B6919C0008AED7A /* Assets.xcassets */; };
		5D0CD7FF2B6919C0008AED7A /* LaunchScreen.storyboard in Resources */ = {isa = PBXBuildFile; fileRef = 5D0CD7FD2B6919C0008AED7A /* LaunchScreen.storyboard */; };
		5D0CD80D2B691C24008AED7A /* TabBarViewController.swift in Sources */ = {isa = PBXBuildFile; fileRef = 5D0CD80C2B691C24008AED7A /* TabBarViewController.swift */; };
		5D0CD80F2B691C69008AED7A /* SearchViewController.swift in Sources */ = {isa = PBXBuildFile; fileRef = 5D0CD80E2B691C69008AED7A /* SearchViewController.swift */; };
		5D0CD8112B691C84008AED7A /* LibraryViewController.swift in Sources */ = {isa = PBXBuildFile; fileRef = 5D0CD8102B691C84008AED7A /* LibraryViewController.swift */; };
		5D0CD8152B691CCE008AED7A /* AuthViewController.swift in Sources */ = {isa = PBXBuildFile; fileRef = 5D0CD8142B691CCE008AED7A /* AuthViewController.swift */; };
		5D0CD8172B691CDE008AED7A /* WelcomeViewController.swift in Sources */ = {isa = PBXBuildFile; fileRef = 5D0CD8162B691CDE008AED7A /* WelcomeViewController.swift */; };
		5D0CD8192B691CF3008AED7A /* SettingsViewController.swift in Sources */ = {isa = PBXBuildFile; fileRef = 5D0CD8182B691CF3008AED7A /* SettingsViewController.swift */; };
		5D0CD81B2B691CFE008AED7A /* ProfileViewController.swift in Sources */ = {isa = PBXBuildFile; fileRef = 5D0CD81A2B691CFE008AED7A /* ProfileViewController.swift */; };
		5D0CD81D2B691D0E008AED7A /* PlayerViewController.swift in Sources */ = {isa = PBXBuildFile; fileRef = 5D0CD81C2B691D0E008AED7A /* PlayerViewController.swift */; };
		5D0CD81F2B691D1F008AED7A /* PlaylistViewController.swift in Sources */ = {isa = PBXBuildFile; fileRef = 5D0CD81E2B691D1F008AED7A /* PlaylistViewController.swift */; };
		5D0CD8212B691D44008AED7A /* SearchResultsViewController.swift in Sources */ = {isa = PBXBuildFile; fileRef = 5D0CD8202B691D44008AED7A /* SearchResultsViewController.swift */; };
		5D0CD8232B691DA0008AED7A /* AuthManager.swift in Sources */ = {isa = PBXBuildFile; fileRef = 5D0CD8222B691DA0008AED7A /* AuthManager.swift */; };
		5D0CD8252B691DB4008AED7A /* APICaller.swift in Sources */ = {isa = PBXBuildFile; fileRef = 5D0CD8242B691DB4008AED7A /* APICaller.swift */; };
		5D0CD8272B691DF5008AED7A /* HapticsManager.swift in Sources */ = {isa = PBXBuildFile; fileRef = 5D0CD8262B691DF5008AED7A /* HapticsManager.swift */; };
		5D0CD8292B691E24008AED7A /* Playlist.swift in Sources */ = {isa = PBXBuildFile; fileRef = 5D0CD8282B691E24008AED7A /* Playlist.swift */; };
		5D0CD82B2B691E34008AED7A /* AudioTrack.swift in Sources */ = {isa = PBXBuildFile; fileRef = 5D0CD82A2B691E34008AED7A /* AudioTrack.swift */; };
		5D0CD82D2B691E3C008AED7A /* Artist.swift in Sources */ = {isa = PBXBuildFile; fileRef = 5D0CD82C2B691E3C008AED7A /* Artist.swift */; };
		5D0CD82F2B691E4A008AED7A /* UserProfile.swift in Sources */ = {isa = PBXBuildFile; fileRef = 5D0CD82E2B691E4A008AED7A /* UserProfile.swift */; };
		5D4592DB2B6A9D2D00F46003 /* Extensions.swift in Sources */ = {isa = PBXBuildFile; fileRef = 5D4592DA2B6A9D2D00F46003 /* Extensions.swift */; };
/* End PBXBuildFile section */

/* Begin PBXFileReference section */
		5D0CD7EF2B6919BE008AED7A /* Spotify.app */ = {isa = PBXFileReference; explicitFileType = wrapper.application; includeInIndex = 0; path = Spotify.app; sourceTree = BUILT_PRODUCTS_DIR; };
		5D0CD7F22B6919BE008AED7A /* AppDelegate.swift */ = {isa = PBXFileReference; lastKnownFileType = sourcecode.swift; path = AppDelegate.swift; sourceTree = "<group>"; };
		5D0CD7F42B6919BE008AED7A /* SceneDelegate.swift */ = {isa = PBXFileReference; lastKnownFileType = sourcecode.swift; path = SceneDelegate.swift; sourceTree = "<group>"; };
		5D0CD7F62B6919BE008AED7A /* HomeViewController.swift */ = {isa = PBXFileReference; lastKnownFileType = sourcecode.swift; path = HomeViewController.swift; sourceTree = "<group>"; };
		5D0CD7FB2B6919C0008AED7A /* Assets.xcassets */ = {isa = PBXFileReference; lastKnownFileType = folder.assetcatalog; path = Assets.xcassets; sourceTree = "<group>"; };
		5D0CD7FE2B6919C0008AED7A /* Base */ = {isa = PBXFileReference; lastKnownFileType = file.storyboard; name = Base; path = Base.lproj/LaunchScreen.storyboard; sourceTree = "<group>"; };
		5D0CD8002B6919C0008AED7A /* Info.plist */ = {isa = PBXFileReference; lastKnownFileType = text.plist.xml; path = Info.plist; sourceTree = "<group>"; };
		5D0CD80C2B691C24008AED7A /* TabBarViewController.swift */ = {isa = PBXFileReference; lastKnownFileType = sourcecode.swift; path = TabBarViewController.swift; sourceTree = "<group>"; };
		5D0CD80E2B691C69008AED7A /* SearchViewController.swift */ = {isa = PBXFileReference; lastKnownFileType = sourcecode.swift; path = SearchViewController.swift; sourceTree = "<group>"; };
		5D0CD8102B691C84008AED7A /* LibraryViewController.swift */ = {isa = PBXFileReference; lastKnownFileType = sourcecode.swift; path = LibraryViewController.swift; sourceTree = "<group>"; };
		5D0CD8142B691CCE008AED7A /* AuthViewController.swift */ = {isa = PBXFileReference; lastKnownFileType = sourcecode.swift; path = AuthViewController.swift; sourceTree = "<group>"; };
		5D0CD8162B691CDE008AED7A /* WelcomeViewController.swift */ = {isa = PBXFileReference; lastKnownFileType = sourcecode.swift; path = WelcomeViewController.swift; sourceTree = "<group>"; };
		5D0CD8182B691CF3008AED7A /* SettingsViewController.swift */ = {isa = PBXFileReference; lastKnownFileType = sourcecode.swift; path = SettingsViewController.swift; sourceTree = "<group>"; };
		5D0CD81A2B691CFE008AED7A /* ProfileViewController.swift */ = {isa = PBXFileReference; lastKnownFileType = sourcecode.swift; path = ProfileViewController.swift; sourceTree = "<group>"; };
		5D0CD81C2B691D0E008AED7A /* PlayerViewController.swift */ = {isa = PBXFileReference; lastKnownFileType = sourcecode.swift; path = PlayerViewController.swift; sourceTree = "<group>"; };
		5D0CD81E2B691D1F008AED7A /* PlaylistViewController.swift */ = {isa = PBXFileReference; lastKnownFileType = sourcecode.swift; path = PlaylistViewController.swift; sourceTree = "<group>"; };
		5D0CD8202B691D44008AED7A /* SearchResultsViewController.swift */ = {isa = PBXFileReference; lastKnownFileType = sourcecode.swift; path = SearchResultsViewController.swift; sourceTree = "<group>"; };
		5D0CD8222B691DA0008AED7A /* AuthManager.swift */ = {isa = PBXFileReference; lastKnownFileType = sourcecode.swift; path = AuthManager.swift; sourceTree = "<group>"; };
		5D0CD8242B691DB4008AED7A /* APICaller.swift */ = {isa = PBXFileReference; lastKnownFileType = sourcecode.swift; path = APICaller.swift; sourceTree = "<group>"; };
		5D0CD8262B691DF5008AED7A /* HapticsManager.swift */ = {isa = PBXFileReference; lastKnownFileType = sourcecode.swift; path = HapticsManager.swift; sourceTree = "<group>"; };
		5D0CD8282B691E24008AED7A /* Playlist.swift */ = {isa = PBXFileReference; lastKnownFileType = sourcecode.swift; path = Playlist.swift; sourceTree = "<group>"; };
		5D0CD82A2B691E34008AED7A /* AudioTrack.swift */ = {isa = PBXFileReference; lastKnownFileType = sourcecode.swift; path = AudioTrack.swift; sourceTree = "<group>"; };
		5D0CD82C2B691E3C008AED7A /* Artist.swift */ = {isa = PBXFileReference; lastKnownFileType = sourcecode.swift; path = Artist.swift; sourceTree = "<group>"; };
		5D0CD82E2B691E4A008AED7A /* UserProfile.swift */ = {isa = PBXFileReference; lastKnownFileType = sourcecode.swift; path = UserProfile.swift; sourceTree = "<group>"; };
		5D4592DA2B6A9D2D00F46003 /* Extensions.swift */ = {isa = PBXFileReference; lastKnownFileType = sourcecode.swift; path = Extensions.swift; sourceTree = "<group>"; };
/* End PBXFileReference section */

/* Begin PBXFrameworksBuildPhase section */
		5D0CD7EC2B6919BE008AED7A /* Frameworks */ = {
			isa = PBXFrameworksBuildPhase;
			buildActionMask = 2147483647;
			files = (
			);
			runOnlyForDeploymentPostprocessing = 0;
		};
/* End PBXFrameworksBuildPhase section */

/* Begin PBXGroup section */
		5D0CD7E62B6919BE008AED7A = {
			isa = PBXGroup;
			children = (
				5D0CD7F12B6919BE008AED7A /* Spotify */,
				5D0CD7F02B6919BE008AED7A /* Products */,
			);
			sourceTree = "<group>";
		};
		5D0CD7F02B6919BE008AED7A /* Products */ = {
			isa = PBXGroup;
			children = (
				5D0CD7EF2B6919BE008AED7A /* Spotify.app */,
			);
			name = Products;
			sourceTree = "<group>";
		};
		5D0CD7F12B6919BE008AED7A /* Spotify */ = {
			isa = PBXGroup;
			children = (
				5D0CD80B2B691BA4008AED7A /* Managers */,
				5D0CD80A2B691B9E008AED7A /* Resources */,
				5D0CD8092B691B98008AED7A /* ViewModels */,
				5D0CD8082B691B93008AED7A /* Models */,
				5D0CD8072B691B8C008AED7A /* Views */,
				5D0CD8062B691B85008AED7A /* Controllers */,
				5D0CD8002B6919C0008AED7A /* Info.plist */,
			);
			path = Spotify;
			sourceTree = "<group>";
		};
		5D0CD8062B691B85008AED7A /* Controllers */ = {
			isa = PBXGroup;
			children = (
				5D0CD8132B691CB5008AED7A /* Other */,
				5D0CD8122B691C98008AED7A /* Core */,
				5D0CD80C2B691C24008AED7A /* TabBarViewController.swift */,
				5D0CD7F62B6919BE008AED7A /* HomeViewController.swift */,
				5D0CD80E2B691C69008AED7A /* SearchViewController.swift */,
				5D0CD8102B691C84008AED7A /* LibraryViewController.swift */,
			);
			path = Controllers;
			sourceTree = "<group>";
		};
		5D0CD8072B691B8C008AED7A /* Views */ = {
			isa = PBXGroup;
			children = (
				5D0CD7FD2B6919C0008AED7A /* LaunchScreen.storyboard */,
			);
			path = Views;
			sourceTree = "<group>";
		};
		5D0CD8082B691B93008AED7A /* Models */ = {
			isa = PBXGroup;
			children = (
				5D0CD8282B691E24008AED7A /* Playlist.swift */,
				5D0CD82A2B691E34008AED7A /* AudioTrack.swift */,
				5D0CD82C2B691E3C008AED7A /* Artist.swift */,
				5D0CD82E2B691E4A008AED7A /* UserProfile.swift */,
			);
			path = Models;
			sourceTree = "<group>";
		};
		5D0CD8092B691B98008AED7A /* ViewModels */ = {
			isa = PBXGroup;
			children = (
			);
			path = ViewModels;
			sourceTree = "<group>";
		};
		5D0CD80A2B691B9E008AED7A /* Resources */ = {
			isa = PBXGroup;
			children = (
				5D0CD7F22B6919BE008AED7A /* AppDelegate.swift */,
				5D0CD7FB2B6919C0008AED7A /* Assets.xcassets */,
				5D0CD7F42B6919BE008AED7A /* SceneDelegate.swift */,
				5D4592DA2B6A9D2D00F46003 /* Extensions.swift */,
			);
			path = Resources;
			sourceTree = "<group>";
		};
		5D0CD80B2B691BA4008AED7A /* Managers */ = {
			isa = PBXGroup;
			children = (
				5D0CD8222B691DA0008AED7A /* AuthManager.swift */,
				5D0CD8242B691DB4008AED7A /* APICaller.swift */,
				5D0CD8262B691DF5008AED7A /* HapticsManager.swift */,
			);
			path = Managers;
			sourceTree = "<group>";
		};
		5D0CD8122B691C98008AED7A /* Core */ = {
			isa = PBXGroup;
			children = (
			);
			path = Core;
			sourceTree = "<group>";
		};
		5D0CD8132B691CB5008AED7A /* Other */ = {
			isa = PBXGroup;
			children = (
				5D0CD8142B691CCE008AED7A /* AuthViewController.swift */,
				5D0CD8162B691CDE008AED7A /* WelcomeViewController.swift */,
				5D0CD8182B691CF3008AED7A /* SettingsViewController.swift */,
				5D0CD81A2B691CFE008AED7A /* ProfileViewController.swift */,
				5D0CD81C2B691D0E008AED7A /* PlayerViewController.swift */,
				5D0CD81E2B691D1F008AED7A /* PlaylistViewController.swift */,
				5D0CD8202B691D44008AED7A /* SearchResultsViewController.swift */,
			);
			path = Other;
			sourceTree = "<group>";
		};
/* End PBXGroup section */

/* Begin PBXNativeTarget section */
		5D0CD7EE2B6919BE008AED7A /* Spotify */ = {
			isa = PBXNativeTarget;
			buildConfigurationList = 5D0CD8032B6919C0008AED7A /* Build configuration list for PBXNativeTarget "Spotify" */;
			buildPhases = (
				5D0CD7EB2B6919BE008AED7A /* Sources */,
				5D0CD7EC2B6919BE008AED7A /* Frameworks */,
				5D0CD7ED2B6919BE008AED7A /* Resources */,
			);
			buildRules = (
			);
			dependencies = (
			);
			name = Spotify;
			productName = Spotify;
			productReference = 5D0CD7EF2B6919BE008AED7A /* Spotify.app */;
			productType = "com.apple.product-type.application";
		};
/* End PBXNativeTarget section */

/* Begin PBXProject section */
		5D0CD7E72B6919BE008AED7A /* Project object */ = {
			isa = PBXProject;
			attributes = {
				BuildIndependentTargetsInParallel = 1;
				LastSwiftUpdateCheck = 1500;
				LastUpgradeCheck = 1500;
				TargetAttributes = {
					5D0CD7EE2B6919BE008AED7A = {
						CreatedOnToolsVersion = 15.0;
					};
				};
			};
			buildConfigurationList = 5D0CD7EA2B6919BE008AED7A /* Build configuration list for PBXProject "Spotify" */;
			compatibilityVersion = "Xcode 14.0";
			developmentRegion = en;
			hasScannedForEncodings = 0;
			knownRegions = (
				en,
				Base,
			);
			mainGroup = 5D0CD7E62B6919BE008AED7A;
			productRefGroup = 5D0CD7F02B6919BE008AED7A /* Products */;
			projectDirPath = "";
			projectRoot = "";
			targets = (
				5D0CD7EE2B6919BE008AED7A /* Spotify */,
			);
		};
/* End PBXProject section */

/* Begin PBXResourcesBuildPhase section */
		5D0CD7ED2B6919BE008AED7A /* Resources */ = {
			isa = PBXResourcesBuildPhase;
			buildActionMask = 2147483647;
			files = (
				5D0CD7FF2B6919C0008AED7A /* LaunchScreen.storyboard in Resources */,
				5D0CD7FC2B6919C0008AED7A /* Assets.xcassets in Resources */,
			);
			runOnlyForDeploymentPostprocessing = 0;
		};
/* End PBXResourcesBuildPhase section */

/* Begin PBXSourcesBuildPhase section */
		5D0CD7EB2B6919BE008AED7A /* Sources */ = {
			isa = PBXSourcesBuildPhase;
			buildActionMask = 2147483647;
			files = (
				5D0CD80F2B691C69008AED7A /* SearchViewController.swift in Sources */,
				5D0CD8292B691E24008AED7A /* Playlist.swift in Sources */,
				5D0CD8232B691DA0008AED7A /* AuthManager.swift in Sources */,
				5D0CD8212B691D44008AED7A /* SearchResultsViewController.swift in Sources */,
				5D0CD8172B691CDE008AED7A /* WelcomeViewController.swift in Sources */,
				5D0CD81B2B691CFE008AED7A /* ProfileViewController.swift in Sources */,
				5D0CD80D2B691C24008AED7A /* TabBarViewController.swift in Sources */,
				5D0CD8272B691DF5008AED7A /* HapticsManager.swift in Sources */,
				5D0CD82B2B691E34008AED7A /* AudioTrack.swift in Sources */,
				5D0CD7F72B6919BE008AED7A /* HomeViewController.swift in Sources */,
				5D0CD8152B691CCE008AED7A /* AuthViewController.swift in Sources */,
				5D0CD7F32B6919BE008AED7A /* AppDelegate.swift in Sources */,
				5D0CD82F2B691E4A008AED7A /* UserProfile.swift in Sources */,
				5D4592DB2B6A9D2D00F46003 /* Extensions.swift in Sources */,
				5D0CD8112B691C84008AED7A /* LibraryViewController.swift in Sources */,
				5D0CD82D2B691E3C008AED7A /* Artist.swift in Sources */,
				5D0CD81F2B691D1F008AED7A /* PlaylistViewController.swift in Sources */,
				5D0CD7F52B6919BE008AED7A /* SceneDelegate.swift in Sources */,
				5D0CD81D2B691D0E008AED7A /* PlayerViewController.swift in Sources */,
				5D0CD8252B691DB4008AED7A /* APICaller.swift in Sources */,
				5D0CD8192B691CF3008AED7A /* SettingsViewController.swift in Sources */,
			);
			runOnlyForDeploymentPostprocessing = 0;
		};
/* End PBXSourcesBuildPhase section */

/* Begin PBXVariantGroup section */
		5D0CD7FD2B6919C0008AED7A /* LaunchScreen.storyboard */ = {
			isa = PBXVariantGroup;
			children = (
				5D0CD7FE2B6919C0008AED7A /* Base */,
			);
			name = LaunchScreen.storyboard;
			sourceTree = "<group>";
		};
/* End PBXVariantGroup section */

/* Begin XCBuildConfiguration section */
		5D0CD8012B6919C0008AED7A /* Debug */ = {
			isa = XCBuildConfiguration;
			buildSettings = {
				ALWAYS_SEARCH_USER_PATHS = NO;
				ASSETCATALOG_COMPILER_GENERATE_SWIFT_ASSET_SYMBOL_EXTENSIONS = YES;
				CLANG_ANALYZER_NONNULL = YES;
				CLANG_ANALYZER_NUMBER_OBJECT_CONVERSION = YES_AGGRESSIVE;
				CLANG_CXX_LANGUAGE_STANDARD = "gnu++20";
				CLANG_ENABLE_MODULES = YES;
				CLANG_ENABLE_OBJC_ARC = YES;
				CLANG_ENABLE_OBJC_WEAK = YES;
				CLANG_WARN_BLOCK_CAPTURE_AUTORELEASING = YES;
				CLANG_WARN_BOOL_CONVERSION = YES;
				CLANG_WARN_COMMA = YES;
				CLANG_WARN_CONSTANT_CONVERSION = YES;
				CLANG_WARN_DEPRECATED_OBJC_IMPLEMENTATIONS = YES;
				CLANG_WARN_DIRECT_OBJC_ISA_USAGE = YES_ERROR;
				CLANG_WARN_DOCUMENTATION_COMMENTS = YES;
				CLANG_WARN_EMPTY_BODY = YES;
				CLANG_WARN_ENUM_CONVERSION = YES;
				CLANG_WARN_INFINITE_RECURSION = YES;
				CLANG_WARN_INT_CONVERSION = YES;
				CLANG_WARN_NON_LITERAL_NULL_CONVERSION = YES;
				CLANG_WARN_OBJC_IMPLICIT_RETAIN_SELF = YES;
				CLANG_WARN_OBJC_LITERAL_CONVERSION = YES;
				CLANG_WARN_OBJC_ROOT_CLASS = YES_ERROR;
				CLANG_WARN_QUOTED_INCLUDE_IN_FRAMEWORK_HEADER = YES;
				CLANG_WARN_RANGE_LOOP_ANALYSIS = YES;
				CLANG_WARN_STRICT_PROTOTYPES = YES;
				CLANG_WARN_SUSPICIOUS_MOVE = YES;
				CLANG_WARN_UNGUARDED_AVAILABILITY = YES_AGGRESSIVE;
				CLANG_WARN_UNREACHABLE_CODE = YES;
				CLANG_WARN__DUPLICATE_METHOD_MATCH = YES;
				COPY_PHASE_STRIP = NO;
				DEBUG_INFORMATION_FORMAT = dwarf;
				ENABLE_STRICT_OBJC_MSGSEND = YES;
				ENABLE_TESTABILITY = YES;
				ENABLE_USER_SCRIPT_SANDBOXING = YES;
				GCC_C_LANGUAGE_STANDARD = gnu17;
				GCC_DYNAMIC_NO_PIC = NO;
				GCC_NO_COMMON_BLOCKS = YES;
				GCC_OPTIMIZATION_LEVEL = 0;
				GCC_PREPROCESSOR_DEFINITIONS = (
					"DEBUG=1",
					"$(inherited)",
				);
				GCC_WARN_64_TO_32_BIT_CONVERSION = YES;
				GCC_WARN_ABOUT_RETURN_TYPE = YES_ERROR;
				GCC_WARN_UNDECLARED_SELECTOR = YES;
				GCC_WARN_UNINITIALIZED_AUTOS = YES_AGGRESSIVE;
				GCC_WARN_UNUSED_FUNCTION = YES;
				GCC_WARN_UNUSED_VARIABLE = YES;
				IPHONEOS_DEPLOYMENT_TARGET = 17.0;
				LOCALIZATION_PREFERS_STRING_CATALOGS = YES;
				MTL_ENABLE_DEBUG_INFO = INCLUDE_SOURCE;
				MTL_FAST_MATH = YES;
				ONLY_ACTIVE_ARCH = YES;
				SDKROOT = iphoneos;
				SWIFT_ACTIVE_COMPILATION_CONDITIONS = "DEBUG $(inherited)";
				SWIFT_OPTIMIZATION_LEVEL = "-Onone";
			};
			name = Debug;
		};
		5D0CD8022B6919C0008AED7A /* Release */ = {
			isa = XCBuildConfiguration;
			buildSettings = {
				ALWAYS_SEARCH_USER_PATHS = NO;
				ASSETCATALOG_COMPILER_GENERATE_SWIFT_ASSET_SYMBOL_EXTENSIONS = YES;
				CLANG_ANALYZER_NONNULL = YES;
				CLANG_ANALYZER_NUMBER_OBJECT_CONVERSION = YES_AGGRESSIVE;
				CLANG_CXX_LANGUAGE_STANDARD = "gnu++20";
				CLANG_ENABLE_MODULES = YES;
				CLANG_ENABLE_OBJC_ARC = YES;
				CLANG_ENABLE_OBJC_WEAK = YES;
				CLANG_WARN_BLOCK_CAPTURE_AUTORELEASING = YES;
				CLANG_WARN_BOOL_CONVERSION = YES;
				CLANG_WARN_COMMA = YES;
				CLANG_WARN_CONSTANT_CONVERSION = YES;
				CLANG_WARN_DEPRECATED_OBJC_IMPLEMENTATIONS = YES;
				CLANG_WARN_DIRECT_OBJC_ISA_USAGE = YES_ERROR;
				CLANG_WARN_DOCUMENTATION_COMMENTS = YES;
				CLANG_WARN_EMPTY_BODY = YES;
				CLANG_WARN_ENUM_CONVERSION = YES;
				CLANG_WARN_INFINITE_RECURSION = YES;
				CLANG_WARN_INT_CONVERSION = YES;
				CLANG_WARN_NON_LITERAL_NULL_CONVERSION = YES;
				CLANG_WARN_OBJC_IMPLICIT_RETAIN_SELF = YES;
				CLANG_WARN_OBJC_LITERAL_CONVERSION = YES;
				CLANG_WARN_OBJC_ROOT_CLASS = YES_ERROR;
				CLANG_WARN_QUOTED_INCLUDE_IN_FRAMEWORK_HEADER = YES;
				CLANG_WARN_RANGE_LOOP_ANALYSIS = YES;
				CLANG_WARN_STRICT_PROTOTYPES = YES;
				CLANG_WARN_SUSPICIOUS_MOVE = YES;
				CLANG_WARN_UNGUARDED_AVAILABILITY = YES_AGGRESSIVE;
				CLANG_WARN_UNREACHABLE_CODE = YES;
				CLANG_WARN__DUPLICATE_METHOD_MATCH = YES;
				COPY_PHASE_STRIP = NO;
				DEBUG_INFORMATION_FORMAT = "dwarf-with-dsym";
				ENABLE_NS_ASSERTIONS = NO;
				ENABLE_STRICT_OBJC_MSGSEND = YES;
				ENABLE_USER_SCRIPT_SANDBOXING = YES;
				GCC_C_LANGUAGE_STANDARD = gnu17;
				GCC_NO_COMMON_BLOCKS = YES;
				GCC_WARN_64_TO_32_BIT_CONVERSION = YES;
				GCC_WARN_ABOUT_RETURN_TYPE = YES_ERROR;
				GCC_WARN_UNDECLARED_SELECTOR = YES;
				GCC_WARN_UNINITIALIZED_AUTOS = YES_AGGRESSIVE;
				GCC_WARN_UNUSED_FUNCTION = YES;
				GCC_WARN_UNUSED_VARIABLE = YES;
				IPHONEOS_DEPLOYMENT_TARGET = 17.0;
				LOCALIZATION_PREFERS_STRING_CATALOGS = YES;
				MTL_ENABLE_DEBUG_INFO = NO;
				MTL_FAST_MATH = YES;
				SDKROOT = iphoneos;
				SWIFT_COMPILATION_MODE = wholemodule;
				VALIDATE_PRODUCT = YES;
			};
			name = Release;
		};
		5D0CD8042B6919C0008AED7A /* Debug */ = {
			isa = XCBuildConfiguration;
			buildSettings = {
				ASSETCATALOG_COMPILER_APPICON_NAME = AppIcon;
				ASSETCATALOG_COMPILER_GLOBAL_ACCENT_COLOR_NAME = AccentColor;
				CODE_SIGN_STYLE = Automatic;
				CURRENT_PROJECT_VERSION = 1;
				GENERATE_INFOPLIST_FILE = YES;
				INFOPLIST_FILE = Spotify/Info.plist;
				INFOPLIST_KEY_UIApplicationSupportsIndirectInputEvents = YES;
				INFOPLIST_KEY_UILaunchStoryboardName = LaunchScreen;
				INFOPLIST_KEY_UISupportedInterfaceOrientations_iPad = "UIInterfaceOrientationPortrait UIInterfaceOrientationPortraitUpsideDown UIInterfaceOrientationLandscapeLeft UIInterfaceOrientationLandscapeRight";
				INFOPLIST_KEY_UISupportedInterfaceOrientations_iPhone = "UIInterfaceOrientationPortrait UIInterfaceOrientationLandscapeLeft UIInterfaceOrientationLandscapeRight";
				LD_RUNPATH_SEARCH_PATHS = (
					"$(inherited)",
					"@executable_path/Frameworks",
				);
				MARKETING_VERSION = 1.0;
				PRODUCT_BUNDLE_IDENTIFIER = com.senaerdem.Spotify;
				PRODUCT_NAME = "$(TARGET_NAME)";
				SWIFT_EMIT_LOC_STRINGS = YES;
				SWIFT_VERSION = 5.0;
				TARGETED_DEVICE_FAMILY = "1,2";
			};
			name = Debug;
		};
		5D0CD8052B6919C0008AED7A /* Release */ = {
			isa = XCBuildConfiguration;
			buildSettings = {
				ASSETCATALOG_COMPILER_APPICON_NAME = AppIcon;
				ASSETCATALOG_COMPILER_GLOBAL_ACCENT_COLOR_NAME = AccentColor;
				CODE_SIGN_STYLE = Automatic;
				CURRENT_PROJECT_VERSION = 1;
				GENERATE_INFOPLIST_FILE = YES;
				INFOPLIST_FILE = Spotify/Info.plist;
				INFOPLIST_KEY_UIApplicationSupportsIndirectInputEvents = YES;
				INFOPLIST_KEY_UILaunchStoryboardName = LaunchScreen;
				INFOPLIST_KEY_UISupportedInterfaceOrientations_iPad = "UIInterfaceOrientationPortrait UIInterfaceOrientationPortraitUpsideDown UIInterfaceOrientationLandscapeLeft UIInterfaceOrientationLandscapeRight";
				INFOPLIST_KEY_UISupportedInterfaceOrientations_iPhone = "UIInterfaceOrientationPortrait UIInterfaceOrientationLandscapeLeft UIInterfaceOrientationLandscapeRight";
				LD_RUNPATH_SEARCH_PATHS = (
					"$(inherited)",
					"@executable_path/Frameworks",
				);
				MARKETING_VERSION = 1.0;
				PRODUCT_BUNDLE_IDENTIFIER = com.senaerdem.Spotify;
				PRODUCT_NAME = "$(TARGET_NAME)";
				SWIFT_EMIT_LOC_STRINGS = YES;
				SWIFT_VERSION = 5.0;
				TARGETED_DEVICE_FAMILY = "1,2";
			};
			name = Release;
		};
/* End XCBuildConfiguration section */

/* Begin XCConfigurationList section */
		5D0CD7EA2B6919BE008AED7A /* Build configuration list for PBXProject "Spotify" */ = {
			isa = XCConfigurationList;
			buildConfigurations = (
				5D0CD8012B6919C0008AED7A /* Debug */,
				5D0CD8022B6919C0008AED7A /* Release */,
			);
			defaultConfigurationIsVisible = 0;
			defaultConfigurationName = Release;
		};
		5D0CD8032B6919C0008AED7A /* Build configuration list for PBXNativeTarget "Spotify" */ = {
			isa = XCConfigurationList;
			buildConfigurations = (
				5D0CD8042B6919C0008AED7A /* Debug */,
				5D0CD8052B6919C0008AED7A /* Release */,
			);
			defaultConfigurationIsVisible = 0;
			defaultConfigurationName = Release;
		};
/* End XCConfigurationList section */
	};
	rootObject = 5D0CD7E72B6919BE008AED7A /* Project object */;
}
